
Microsoft Visual Studio Solution File, Format Version 12.00
# Visual Studio Version 17
VisualStudioVersion = 17.9.34701.34
MinimumVisualStudioVersion = 10.0.40219.1
Project("{FAE04EC0-301F-11D3-BF4B-00C04F79EFBC}") = "GrundlagenOperatorenRechnen", "GrundlagenOperatorenRechnen\GrundlagenOperatorenRechnen.csproj", "{BDC93998-DDA4-4EF8-9515-4F43BC2A078E}"
EndProject
Global
	GlobalSection(SolutionConfigurationPlatforms) = preSolution
		Debug|Any CPU = Debug|Any CPU
		Release|Any CPU = Release|Any CPU
	EndGlobalSection
	GlobalSection(ProjectConfigurationPlatforms) = postSolution
		{BDC93998-DDA4-4EF8-9515-4F43BC2A078E}.Debug|Any CPU.ActiveCfg = Debug|Any CPU
		{BDC93998-DDA4-4EF8-9515-4F43BC2A078E}.Debug|Any CPU.Build.0 = Debug|Any CPU
		{BDC93998-DDA4-4EF8-9515-4F43BC2A078E}.Release|Any CPU.ActiveCfg = Release|Any CPU
		{BDC93998-DDA4-4EF8-9515-4F43BC2A078E}.Release|Any CPU.Build.0 = Release|Any CPU
	EndGlobalSection
	GlobalSection(SolutionProperties) = preSolution
		HideSolutionNode = FALSE
	EndGlobalSection
	GlobalSection(ExtensibilityGlobals) = postSolution
		SolutionGuid = {97777AC8-E403-4BA5-AF02-5EA1B18A1C93}
	EndGlobalSection
EndGlobal
